// !$*UTF8*$!
{
	archiveVersion = 1;
	classes = {
	};
	objectVersion = 46;
	objects = {

/* Begin PBXBuildFile section */
		265708881E1DF5B20059DFE3 /* main.m in Sources */ = {isa = PBXBuildFile; fileRef = 265708871E1DF5B20059DFE3 /* main.m */; };
		2657088B1E1DF5B20059DFE3 /* AppDelegate.m in Sources */ = {isa = PBXBuildFile; fileRef = 2657088A1E1DF5B20059DFE3 /* AppDelegate.m */; };
		2657088E1E1DF5B20059DFE3 /* ViewController.m in Sources */ = {isa = PBXBuildFile; fileRef = 2657088D1E1DF5B20059DFE3 /* ViewController.m */; };
		265708931E1DF5B20059DFE3 /* Assets.xcassets in Resources */ = {isa = PBXBuildFile; fileRef = 265708921E1DF5B20059DFE3 /* Assets.xcassets */; };
		265708961E1DF5B20059DFE3 /* LaunchScreen.storyboard in Resources */ = {isa = PBXBuildFile; fileRef = 265708941E1DF5B20059DFE3 /* LaunchScreen.storyboard */; };
		2657089F1E1DF6460059DFE3 /* UINavigationController+Category.m in Sources */ = {isa = PBXBuildFile; fileRef = 2657089E1E1DF6460059DFE3 /* UINavigationController+Category.m */; };
		265708A31E1DF6F50059DFE3 /* srs_librtmp.cpp in Sources */ = {isa = PBXBuildFile; fileRef = 265708A11E1DF6F50059DFE3 /* srs_librtmp.cpp */; };
		265708A91E1DF73F0059DFE3 /* AACEncoder.m in Sources */ = {isa = PBXBuildFile; fileRef = 265708A61E1DF73F0059DFE3 /* AACEncoder.m */; };
		265708AA1E1DF73F0059DFE3 /* H264HWEncoder.m in Sources */ = {isa = PBXBuildFile; fileRef = 265708A81E1DF73F0059DFE3 /* H264HWEncoder.m */; };
		265708B31E1DF7470059DFE3 /* SVProgressHUD.bundle in Resources */ = {isa = PBXBuildFile; fileRef = 265708AC1E1DF7470059DFE3 /* SVProgressHUD.bundle */; };
		265708B41E1DF7470059DFE3 /* SVProgressHUD.m in Sources */ = {isa = PBXBuildFile; fileRef = 265708AE1E1DF7470059DFE3 /* SVProgressHUD.m */; };
		265708B51E1DF7470059DFE3 /* UIView+ViewController.m in Sources */ = {isa = PBXBuildFile; fileRef = 265708B01E1DF7470059DFE3 /* UIView+ViewController.m */; };
		265708B61E1DF7470059DFE3 /* UIViewExt.m in Sources */ = {isa = PBXBuildFile; fileRef = 265708B21E1DF7470059DFE3 /* UIViewExt.m */; };
		265708B91E1DF7520059DFE3 /* RtmpClient.m in Sources */ = {isa = PBXBuildFile; fileRef = 265708B81E1DF7520059DFE3 /* RtmpClient.m */; };
		265708BC1E1DF76A0059DFE3 /* LiveViewController.m in Sources */ = {isa = PBXBuildFile; fileRef = 265708BB1E1DF76A0059DFE3 /* LiveViewController.m */; };
		265708C11E1DF9B00059DFE3 /* VideoToolbox.framework in Frameworks */ = {isa = PBXBuildFile; fileRef = 265708C01E1DF9B00059DFE3 /* VideoToolbox.framework */; };
		265708C31E1DF9B90059DFE3 /* AVFoundation.framework in Frameworks */ = {isa = PBXBuildFile; fileRef = 265708C21E1DF9B90059DFE3 /* AVFoundation.framework */; };
		265708C51E1DF9C10059DFE3 /* AudioToolbox.framework in Frameworks */ = {isa = PBXBuildFile; fileRef = 265708C41E1DF9C10059DFE3 /* AudioToolbox.framework */; };
		265708C71E1DF9EB0059DFE3 /* libiconv.tbd in Frameworks */ = {isa = PBXBuildFile; fileRef = 265708C61E1DF9EB0059DFE3 /* libiconv.tbd */; };
		265708CD1E1E155A0059DFE3 /* camera_switch@2x.png in Resources */ = {isa = PBXBuildFile; fileRef = 265708C81E1E155A0059DFE3 /* camera_switch@2x.png */; };
		265708CE1E1E155A0059DFE3 /* icon_back_no@2x.png in Resources */ = {isa = PBXBuildFile; fileRef = 265708C91E1E155A0059DFE3 /* icon_back_no@2x.png */; };
		265708CF1E1E155A0059DFE3 /* icon_back_no@3x.png in Resources */ = {isa = PBXBuildFile; fileRef = 265708CA1E1E155A0059DFE3 /* icon_back_no@3x.png */; };
		265708D01E1E155A0059DFE3 /* icon_back_sel@2x.png in Resources */ = {isa = PBXBuildFile; fileRef = 265708CB1E1E155A0059DFE3 /* icon_back_sel@2x.png */; };
		265708D11E1E155A0059DFE3 /* icon_back_sel@3x.png in Resources */ = {isa = PBXBuildFile; fileRef = 265708CC1E1E155A0059DFE3 /* icon_back_sel@3x.png */; };
/* End PBXBuildFile section */

/* Begin PBXFileReference section */
		265708831E1DF5B10059DFE3 /* CKRtmpPusher.app */ = {isa = PBXFileReference; explicitFileType = wrapper.application; includeInIndex = 0; path = CKRtmpPusher.app; sourceTree = BUILT_PRODUCTS_DIR; };
		265708871E1DF5B20059DFE3 /* main.m */ = {isa = PBXFileReference; lastKnownFileType = sourcecode.c.objc; path = main.m; sourceTree = "<group>"; };
		265708891E1DF5B20059DFE3 /* AppDelegate.h */ = {isa = PBXFileReference; lastKnownFileType = sourcecode.c.h; path = AppDelegate.h; sourceTree = "<group>"; };
		2657088A1E1DF5B20059DFE3 /* AppDelegate.m */ = {isa = PBXFileReference; lastKnownFileType = sourcecode.c.objc; path = AppDelegate.m; sourceTree = "<group>"; };
		2657088C1E1DF5B20059DFE3 /* ViewController.h */ = {isa = PBXFileReference; lastKnownFileType = sourcecode.c.h; path = ViewController.h; sourceTree = "<group>"; };
		2657088D1E1DF5B20059DFE3 /* ViewController.m */ = {isa = PBXFileReference; lastKnownFileType = sourcecode.c.objc; path = ViewController.m; sourceTree = "<group>"; };
		265708921E1DF5B20059DFE3 /* Assets.xcassets */ = {isa = PBXFileReference; lastKnownFileType = folder.assetcatalog; path = Assets.xcassets; sourceTree = "<group>"; };
		265708951E1DF5B20059DFE3 /* Base */ = {isa = PBXFileReference; lastKnownFileType = file.storyboard; name = Base; path = Base.lproj/LaunchScreen.storyboard; sourceTree = "<group>"; };
		265708971E1DF5B20059DFE3 /* Info.plist */ = {isa = PBXFileReference; lastKnownFileType = text.plist.xml; path = Info.plist; sourceTree = "<group>"; };
		2657089D1E1DF6460059DFE3 /* UINavigationController+Category.h */ = {isa = PBXFileReference; fileEncoding = 4; lastKnownFileType = sourcecode.c.h; path = "UINavigationController+Category.h"; sourceTree = "<group>"; };
		2657089E1E1DF6460059DFE3 /* UINavigationController+Category.m */ = {isa = PBXFileReference; fileEncoding = 4; lastKnownFileType = sourcecode.c.objc; path = "UINavigationController+Category.m"; sourceTree = "<group>"; };
		265708A11E1DF6F50059DFE3 /* srs_librtmp.cpp */ = {isa = PBXFileReference; fileEncoding = 4; lastKnownFileType = sourcecode.cpp.cpp; path = srs_librtmp.cpp; sourceTree = "<group>"; };
		265708A21E1DF6F50059DFE3 /* srs_librtmp.h */ = {isa = PBXFileReference; fileEncoding = 4; lastKnownFileType = sourcecode.c.h; path = srs_librtmp.h; sourceTree = "<group>"; };
		265708A51E1DF73F0059DFE3 /* AACEncoder.h */ = {isa = PBXFileReference; fileEncoding = 4; lastKnownFileType = sourcecode.c.h; path = AACEncoder.h; sourceTree = "<group>"; };
		265708A61E1DF73F0059DFE3 /* AACEncoder.m */ = {isa = PBXFileReference; fileEncoding = 4; lastKnownFileType = sourcecode.c.objc; path = AACEncoder.m; sourceTree = "<group>"; };
		265708A71E1DF73F0059DFE3 /* H264HWEncoder.h */ = {isa = PBXFileReference; fileEncoding = 4; lastKnownFileType = sourcecode.c.h; path = H264HWEncoder.h; sourceTree = "<group>"; };
		265708A81E1DF73F0059DFE3 /* H264HWEncoder.m */ = {isa = PBXFileReference; fileEncoding = 4; lastKnownFileType = sourcecode.c.objc; path = H264HWEncoder.m; sourceTree = "<group>"; };
		265708AC1E1DF7470059DFE3 /* SVProgressHUD.bundle */ = {isa = PBXFileReference; lastKnownFileType = "wrapper.plug-in"; path = SVProgressHUD.bundle; sourceTree = "<group>"; };
		265708AD1E1DF7470059DFE3 /* SVProgressHUD.h */ = {isa = PBXFileReference; fileEncoding = 4; lastKnownFileType = sourcecode.c.h; path = SVProgressHUD.h; sourceTree = "<group>"; };
		265708AE1E1DF7470059DFE3 /* SVProgressHUD.m */ = {isa = PBXFileReference; fileEncoding = 4; lastKnownFileType = sourcecode.c.objc; path = SVProgressHUD.m; sourceTree = "<group>"; };
		265708AF1E1DF7470059DFE3 /* UIView+ViewController.h */ = {isa = PBXFileReference; fileEncoding = 4; lastKnownFileType = sourcecode.c.h; path = "UIView+ViewController.h"; sourceTree = "<group>"; };
		265708B01E1DF7470059DFE3 /* UIView+ViewController.m */ = {isa = PBXFileReference; fileEncoding = 4; lastKnownFileType = sourcecode.c.objc; path = "UIView+ViewController.m"; sourceTree = "<group>"; };
		265708B11E1DF7470059DFE3 /* UIViewExt.h */ = {isa = PBXFileReference; fileEncoding = 4; lastKnownFileType = sourcecode.c.h; path = UIViewExt.h; sourceTree = "<group>"; };
		265708B21E1DF7470059DFE3 /* UIViewExt.m */ = {isa = PBXFileReference; fileEncoding = 4; lastKnownFileType = sourcecode.c.objc; path = UIViewExt.m; sourceTree = "<group>"; };
		265708B71E1DF7520059DFE3 /* RtmpClient.h */ = {isa = PBXFileReference; fileEncoding = 4; lastKnownFileType = sourcecode.c.h; path = RtmpClient.h; sourceTree = "<group>"; };
		265708B81E1DF7520059DFE3 /* RtmpClient.m */ = {isa = PBXFileReference; fileEncoding = 4; lastKnownFileType = sourcecode.c.objc; path = RtmpClient.m; sourceTree = "<group>"; };
		265708BA1E1DF76A0059DFE3 /* LiveViewController.h */ = {isa = PBXFileReference; fileEncoding = 4; lastKnownFileType = sourcecode.c.h; path = LiveViewController.h; sourceTree = "<group>"; };
		265708BB1E1DF76A0059DFE3 /* LiveViewController.m */ = {isa = PBXFileReference; fileEncoding = 4; lastKnownFileType = sourcecode.c.objc; path = LiveViewController.m; sourceTree = "<group>"; };
		265708BE1E1DF8970059DFE3 /* PrefixHeader.pch */ = {isa = PBXFileReference; fileEncoding = 4; lastKnownFileType = sourcecode.c.h; path = PrefixHeader.pch; sourceTree = "<group>"; };
		265708C01E1DF9B00059DFE3 /* VideoToolbox.framework */ = {isa = PBXFileReference; lastKnownFileType = wrapper.framework; name = VideoToolbox.framework; path = System/Library/Frameworks/VideoToolbox.framework; sourceTree = SDKROOT; };
		265708C21E1DF9B90059DFE3 /* AVFoundation.framework */ = {isa = PBXFileReference; lastKnownFileType = wrapper.framework; name = AVFoundation.framework; path = System/Library/Frameworks/AVFoundation.framework; sourceTree = SDKROOT; };
		265708C41E1DF9C10059DFE3 /* AudioToolbox.framework */ = {isa = PBXFileReference; lastKnownFileType = wrapper.framework; name = AudioToolbox.framework; path = System/Library/Frameworks/AudioToolbox.framework; sourceTree = SDKROOT; };
		265708C61E1DF9EB0059DFE3 /* libiconv.tbd */ = {isa = PBXFileReference; lastKnownFileType = "sourcecode.text-based-dylib-definition"; name = libiconv.tbd; path = usr/lib/libiconv.tbd; sourceTree = SDKROOT; };
		265708C81E1E155A0059DFE3 /* camera_switch@2x.png */ = {isa = PBXFileReference; lastKnownFileType = image.png; path = "camera_switch@2x.png"; sourceTree = "<group>"; };
		265708C91E1E155A0059DFE3 /* icon_back_no@2x.png */ = {isa = PBXFileReference; lastKnownFileType = image.png; path = "icon_back_no@2x.png"; sourceTree = "<group>"; };
		265708CA1E1E155A0059DFE3 /* icon_back_no@3x.png */ = {isa = PBXFileReference; lastKnownFileType = image.png; path = "icon_back_no@3x.png"; sourceTree = "<group>"; };
		265708CB1E1E155A0059DFE3 /* icon_back_sel@2x.png */ = {isa = PBXFileReference; lastKnownFileType = image.png; path = "icon_back_sel@2x.png"; sourceTree = "<group>"; };
		265708CC1E1E155A0059DFE3 /* icon_back_sel@3x.png */ = {isa = PBXFileReference; lastKnownFileType = image.png; path = "icon_back_sel@3x.png"; sourceTree = "<group>"; };
/* End PBXFileReference section */

/* Begin PBXFrameworksBuildPhase section */
		265708801E1DF5B10059DFE3 /* Frameworks */ = {
			isa = PBXFrameworksBuildPhase;
			buildActionMask = 2147483647;
			files = (
				265708C71E1DF9EB0059DFE3 /* libiconv.tbd in Frameworks */,
				265708C51E1DF9C10059DFE3 /* AudioToolbox.framework in Frameworks */,
				265708C31E1DF9B90059DFE3 /* AVFoundation.framework in Frameworks */,
				265708C11E1DF9B00059DFE3 /* VideoToolbox.framework in Frameworks */,
			);
			runOnlyForDeploymentPostprocessing = 0;
		};
/* End PBXFrameworksBuildPhase section */

/* Begin PBXGroup section */
		2657087A1E1DF5B10059DFE3 = {
			isa = PBXGroup;
			children = (
				265708851E1DF5B10059DFE3 /* CKRtmpPusher */,
				265708841E1DF5B10059DFE3 /* Products */,
				265708BF1E1DF9B00059DFE3 /* Frameworks */,
			);
			sourceTree = "<group>";
		};
		265708841E1DF5B10059DFE3 /* Products */ = {
			isa = PBXGroup;
			children = (
				265708831E1DF5B10059DFE3 /* CKRtmpPusher.app */,
			);
			name = Products;
			sourceTree = "<group>";
		};
		265708851E1DF5B10059DFE3 /* CKRtmpPusher */ = {
			isa = PBXGroup;
			children = (
				265708A41E1DF7310059DFE3 /* utils */,
				265708A01E1DF6F50059DFE3 /* srs-librtmp */,
				265708891E1DF5B20059DFE3 /* AppDelegate.h */,
				2657088A1E1DF5B20059DFE3 /* AppDelegate.m */,
				2657088C1E1DF5B20059DFE3 /* ViewController.h */,
				2657088D1E1DF5B20059DFE3 /* ViewController.m */,
				265708BA1E1DF76A0059DFE3 /* LiveViewController.h */,
				265708BB1E1DF76A0059DFE3 /* LiveViewController.m */,
				2657089D1E1DF6460059DFE3 /* UINavigationController+Category.h */,
				2657089E1E1DF6460059DFE3 /* UINavigationController+Category.m */,
				265708861E1DF5B10059DFE3 /* Supporting Files */,
			);
			path = CKRtmpPusher;
			sourceTree = "<group>";
		};
		265708861E1DF5B10059DFE3 /* Supporting Files */ = {
			isa = PBXGroup;
			children = (
				265708921E1DF5B20059DFE3 /* Assets.xcassets */,
				265708941E1DF5B20059DFE3 /* LaunchScreen.storyboard */,
				265708971E1DF5B20059DFE3 /* Info.plist */,
				265708871E1DF5B20059DFE3 /* main.m */,
				265708BE1E1DF8970059DFE3 /* PrefixHeader.pch */,
				265708C81E1E155A0059DFE3 /* camera_switch@2x.png */,
				265708C91E1E155A0059DFE3 /* icon_back_no@2x.png */,
				265708CA1E1E155A0059DFE3 /* icon_back_no@3x.png */,
				265708CB1E1E155A0059DFE3 /* icon_back_sel@2x.png */,
				265708CC1E1E155A0059DFE3 /* icon_back_sel@3x.png */,
			);
			name = "Supporting Files";
			sourceTree = "<group>";
		};
		265708A01E1DF6F50059DFE3 /* srs-librtmp */ = {
			isa = PBXGroup;
			children = (
				265708A11E1DF6F50059DFE3 /* srs_librtmp.cpp */,
				265708A21E1DF6F50059DFE3 /* srs_librtmp.h */,
			);
			path = "srs-librtmp";
			sourceTree = "<group>";
		};
		265708A41E1DF7310059DFE3 /* utils */ = {
			isa = PBXGroup;
			children = (
				265708B71E1DF7520059DFE3 /* RtmpClient.h */,
				265708B81E1DF7520059DFE3 /* RtmpClient.m */,
				265708A51E1DF73F0059DFE3 /* AACEncoder.h */,
				265708A61E1DF73F0059DFE3 /* AACEncoder.m */,
				265708A71E1DF73F0059DFE3 /* H264HWEncoder.h */,
				265708A81E1DF73F0059DFE3 /* H264HWEncoder.m */,
				265708AB1E1DF7470059DFE3 /* SVProgressHUD */,
			);
			path = utils;
			sourceTree = "<group>";
		};
		265708AB1E1DF7470059DFE3 /* SVProgressHUD */ = {
			isa = PBXGroup;
			children = (
				265708AC1E1DF7470059DFE3 /* SVProgressHUD.bundle */,
				265708AD1E1DF7470059DFE3 /* SVProgressHUD.h */,
				265708AE1E1DF7470059DFE3 /* SVProgressHUD.m */,
				265708AF1E1DF7470059DFE3 /* UIView+ViewController.h */,
				265708B01E1DF7470059DFE3 /* UIView+ViewController.m */,
				265708B11E1DF7470059DFE3 /* UIViewExt.h */,
				265708B21E1DF7470059DFE3 /* UIViewExt.m */,
			);
			path = SVProgressHUD;
			sourceTree = "<group>";
		};
		265708BF1E1DF9B00059DFE3 /* Frameworks */ = {
			isa = PBXGroup;
			children = (
				265708C61E1DF9EB0059DFE3 /* libiconv.tbd */,
				265708C41E1DF9C10059DFE3 /* AudioToolbox.framework */,
				265708C21E1DF9B90059DFE3 /* AVFoundation.framework */,
				265708C01E1DF9B00059DFE3 /* VideoToolbox.framework */,
			);
			name = Frameworks;
			sourceTree = "<group>";
		};
/* End PBXGroup section */

/* Begin PBXNativeTarget section */
		265708821E1DF5B10059DFE3 /* CKRtmpPusher */ = {
			isa = PBXNativeTarget;
			buildConfigurationList = 2657089A1E1DF5B20059DFE3 /* Build configuration list for PBXNativeTarget "CKRtmpPusher" */;
			buildPhases = (
				2657087F1E1DF5B10059DFE3 /* Sources */,
				265708801E1DF5B10059DFE3 /* Frameworks */,
				265708811E1DF5B10059DFE3 /* Resources */,
			);
			buildRules = (
			);
			dependencies = (
			);
			name = CKRtmpPusher;
			productName = CKRtmpPusher;
			productReference = 265708831E1DF5B10059DFE3 /* CKRtmpPusher.app */;
			productType = "com.apple.product-type.application";
		};
/* End PBXNativeTarget section */

/* Begin PBXProject section */
		2657087B1E1DF5B10059DFE3 /* Project object */ = {
			isa = PBXProject;
			attributes = {
				LastUpgradeCheck = 0820;
				ORGANIZATIONNAME = concox;
				TargetAttributes = {
					265708821E1DF5B10059DFE3 = {
						CreatedOnToolsVersion = 8.2;
						DevelopmentTeam = K66K9JB8R8;
						ProvisioningStyle = Automatic;
					};
				};
			};
			buildConfigurationList = 2657087E1E1DF5B10059DFE3 /* Build configuration list for PBXProject "CKRtmpPusher" */;
			compatibilityVersion = "Xcode 3.2";
			developmentRegion = English;
			hasScannedForEncodings = 0;
			knownRegions = (
				en,
				Base,
			);
			mainGroup = 2657087A1E1DF5B10059DFE3;
			productRefGroup = 265708841E1DF5B10059DFE3 /* Products */;
			projectDirPath = "";
			projectRoot = "";
			targets = (
				265708821E1DF5B10059DFE3 /* CKRtmpPusher */,
			);
		};
/* End PBXProject section */

/* Begin PBXResourcesBuildPhase section */
		265708811E1DF5B10059DFE3 /* Resources */ = {
			isa = PBXResourcesBuildPhase;
			buildActionMask = 2147483647;
			files = (
				265708D01E1E155A0059DFE3 /* icon_back_sel@2x.png in Resources */,
				265708CF1E1E155A0059DFE3 /* icon_back_no@3x.png in Resources */,
				265708961E1DF5B20059DFE3 /* LaunchScreen.storyboard in Resources */,
				265708CE1E1E155A0059DFE3 /* icon_back_no@2x.png in Resources */,
				265708B31E1DF7470059DFE3 /* SVProgressHUD.bundle in Resources */,
				265708931E1DF5B20059DFE3 /* Assets.xcassets in Resources */,
				265708D11E1E155A0059DFE3 /* icon_back_sel@3x.png in Resources */,
				265708CD1E1E155A0059DFE3 /* camera_switch@2x.png in Resources */,
			);
			runOnlyForDeploymentPostprocessing = 0;
		};
/* End PBXResourcesBuildPhase section */

/* Begin PBXSourcesBuildPhase section */
		2657087F1E1DF5B10059DFE3 /* Sources */ = {
			isa = PBXSourcesBuildPhase;
			buildActionMask = 2147483647;
			files = (
				265708AA1E1DF73F0059DFE3 /* H264HWEncoder.m in Sources */,
				265708B41E1DF7470059DFE3 /* SVProgressHUD.m in Sources */,
				265708B61E1DF7470059DFE3 /* UIViewExt.m in Sources */,
				2657088E1E1DF5B20059DFE3 /* ViewController.m in Sources */,
				2657089F1E1DF6460059DFE3 /* UINavigationController+Category.m in Sources */,
				2657088B1E1DF5B20059DFE3 /* AppDelegate.m in Sources */,
				265708BC1E1DF76A0059DFE3 /* LiveViewController.m in Sources */,
				265708B91E1DF7520059DFE3 /* RtmpClient.m in Sources */,
				265708A31E1DF6F50059DFE3 /* srs_librtmp.cpp in Sources */,
				265708B51E1DF7470059DFE3 /* UIView+ViewController.m in Sources */,
				265708A91E1DF73F0059DFE3 /* AACEncoder.m in Sources */,
				265708881E1DF5B20059DFE3 /* main.m in Sources */,
			);
			runOnlyForDeploymentPostprocessing = 0;
		};
/* End PBXSourcesBuildPhase section */

/* Begin PBXVariantGroup section */
		265708941E1DF5B20059DFE3 /* LaunchScreen.storyboard */ = {
			isa = PBXVariantGroup;
			children = (
				265708951E1DF5B20059DFE3 /* Base */,
			);
			name = LaunchScreen.storyboard;
			sourceTree = "<group>";
		};
/* End PBXVariantGroup section */

/* Begin XCBuildConfiguration section */
		265708981E1DF5B20059DFE3 /* Debug */ = {
			isa = XCBuildConfiguration;
			buildSettings = {
				ALWAYS_SEARCH_USER_PATHS = NO;
				CLANG_ANALYZER_NONNULL = YES;
				CLANG_CXX_LANGUAGE_STANDARD = "gnu++0x";
				CLANG_CXX_LIBRARY = "libc++";
				CLANG_ENABLE_MODULES = YES;
				CLANG_ENABLE_OBJC_ARC = YES;
				CLANG_WARN_BOOL_CONVERSION = YES;
				CLANG_WARN_CONSTANT_CONVERSION = YES;
				CLANG_WARN_DIRECT_OBJC_ISA_USAGE = YES_ERROR;
				CLANG_WARN_DOCUMENTATION_COMMENTS = YES;
				CLANG_WARN_EMPTY_BODY = YES;
				CLANG_WARN_ENUM_CONVERSION = YES;
				CLANG_WARN_INFINITE_RECURSION = YES;
				CLANG_WARN_INT_CONVERSION = YES;
				CLANG_WARN_OBJC_ROOT_CLASS = YES_ERROR;
				CLANG_WARN_SUSPICIOUS_MOVE = YES;
				CLANG_WARN_UNREACHABLE_CODE = YES;
				CLANG_WARN__DUPLICATE_METHOD_MATCH = YES;
				"CODE_SIGN_IDENTITY[sdk=iphoneos*]" = "iPhone Developer";
				COPY_PHASE_STRIP = NO;
				DEBUG_INFORMATION_FORMAT = dwarf;
				ENABLE_STRICT_OBJC_MSGSEND = YES;
				ENABLE_TESTABILITY = YES;
				GCC_C_LANGUAGE_STANDARD = gnu99;
				GCC_DYNAMIC_NO_PIC = NO;
				GCC_NO_COMMON_BLOCKS = YES;
				GCC_OPTIMIZATION_LEVEL = 0;
				GCC_PREPROCESSOR_DEFINITIONS = (
					"DEBUG=1",
					"$(inherited)",
				);
				GCC_WARN_64_TO_32_BIT_CONVERSION = YES;
				GCC_WARN_ABOUT_RETURN_TYPE = YES_ERROR;
				GCC_WARN_UNDECLARED_SELECTOR = YES;
				GCC_WARN_UNINITIALIZED_AUTOS = YES_AGGRESSIVE;
				GCC_WARN_UNUSED_FUNCTION = YES;
				GCC_WARN_UNUSED_VARIABLE = YES;
				IPHONEOS_DEPLOYMENT_TARGET = 10.2;
				MTL_ENABLE_DEBUG_INFO = YES;
				ONLY_ACTIVE_ARCH = YES;
				SDKROOT = iphoneos;
				TARGETED_DEVICE_FAMILY = "1,2";
			};
			name = Debug;
		};
		265708991E1DF5B20059DFE3 /* Release */ = {
			isa = XCBuildConfiguration;
			buildSettings = {
				ALWAYS_SEARCH_USER_PATHS = NO;
				CLANG_ANALYZER_NONNULL = YES;
				CLANG_CXX_LANGUAGE_STANDARD = "gnu++0x";
				CLANG_CXX_LIBRARY = "libc++";
				CLANG_ENABLE_MODULES = YES;
				CLANG_ENABLE_OBJC_ARC = YES;
				CLANG_WARN_BOOL_CONVERSION = YES;
				CLANG_WARN_CONSTANT_CONVERSION = YES;
				CLANG_WARN_DIRECT_OBJC_ISA_USAGE = YES_ERROR;
				CLANG_WARN_DOCUMENTATION_COMMENTS = YES;
				CLANG_WARN_EMPTY_BODY = YES;
				CLANG_WARN_ENUM_CONVERSION = YES;
				CLANG_WARN_INFINITE_RECURSION = YES;
				CLANG_WARN_INT_CONVERSION = YES;
				CLANG_WARN_OBJC_ROOT_CLASS = YES_ERROR;
				CLANG_WARN_SUSPICIOUS_MOVE = YES;
				CLANG_WARN_UNREACHABLE_CODE = YES;
				CLANG_WARN__DUPLICATE_METHOD_MATCH = YES;
				"CODE_SIGN_IDENTITY[sdk=iphoneos*]" = "iPhone Developer";
				COPY_PHASE_STRIP = NO;
				DEBUG_INFORMATION_FORMAT = "dwarf-with-dsym";
				ENABLE_NS_ASSERTIONS = NO;
				ENABLE_STRICT_OBJC_MSGSEND = YES;
				GCC_C_LANGUAGE_STANDARD = gnu99;
				GCC_NO_COMMON_BLOCKS = YES;
				GCC_WARN_64_TO_32_BIT_CONVERSION = YES;
				GCC_WARN_ABOUT_RETURN_TYPE = YES_ERROR;
				GCC_WARN_UNDECLARED_SELECTOR = YES;
				GCC_WARN_UNINITIALIZED_AUTOS = YES_AGGRESSIVE;
				GCC_WARN_UNUSED_FUNCTION = YES;
				GCC_WARN_UNUSED_VARIABLE = YES;
				IPHONEOS_DEPLOYMENT_TARGET = 10.2;
				MTL_ENABLE_DEBUG_INFO = NO;
				SDKROOT = iphoneos;
				TARGETED_DEVICE_FAMILY = "1,2";
				VALIDATE_PRODUCT = YES;
			};
			name = Release;
		};
		2657089B1E1DF5B20059DFE3 /* Debug */ = {
			isa = XCBuildConfiguration;
			buildSettings = {
				ASSETCATALOG_COMPILER_APPICON_NAME = AppIcon;
				CLANG_CXX_LANGUAGE_STANDARD = "gnu++98";
				CLANG_CXX_LIBRARY = "libstdc++";
				DEVELOPMENT_TEAM = K66K9JB8R8;
				GCC_PRECOMPILE_PREFIX_HEADER = YES;
				GCC_PREFIX_HEADER = "$(PROJECT_DIR)/CKRtmpPusher/PrefixHeader.pch";
				INFOPLIST_FILE = CKRtmpPusher/Info.plist;
				IPHONEOS_DEPLOYMENT_TARGET = 8.0;
				LD_RUNPATH_SEARCH_PATHS = "$(inherited) @executable_path/Frameworks";
				PRODUCT_BUNDLE_IDENTIFIER = com.concox.CKRtmpPusher;
				PRODUCT_NAME = "$(TARGET_NAME)";
			};
			name = Debug;
		};
		2657089C1E1DF5B20059DFE3 /* Release */ = {
			isa = XCBuildConfiguration;
			buildSettings = {
				ASSETCATALOG_COMPILER_APPICON_NAME = AppIcon;
				CLANG_CXX_LANGUAGE_STANDARD = "gnu++98";
				CLANG_CXX_LIBRARY = "libstdc++";
				DEVELOPMENT_TEAM = K66K9JB8R8;
				GCC_PRECOMPILE_PREFIX_HEADER = YES;
				GCC_PREFIX_HEADER = "$(PROJECT_DIR)/CKRtmpPusher/PrefixHeader.pch";
				INFOPLIST_FILE = CKRtmpPusher/Info.plist;
				IPHONEOS_DEPLOYMENT_TARGET = 8.0;
				LD_RUNPATH_SEARCH_PATHS = "$(inherited) @executable_path/Frameworks";
				PRODUCT_BUNDLE_IDENTIFIER = com.concox.CKRtmpPusher;
				PRODUCT_NAME = "$(TARGET_NAME)";
			};
			name = Release;
		};
/* End XCBuildConfiguration section */

/* Begin XCConfigurationList section */
		2657087E1E1DF5B10059DFE3 /* Build configuration list for PBXProject "CKRtmpPusher" */ = {
			isa = XCConfigurationList;
			buildConfigurations = (
				265708981E1DF5B20059DFE3 /* Debug */,
				265708991E1DF5B20059DFE3 /* Release */,
			);
			defaultConfigurationIsVisible = 0;
			defaultConfigurationName = Release;
		};
		2657089A1E1DF5B20059DFE3 /* Build configuration list for PBXNativeTarget "CKRtmpPusher" */ = {
			isa = XCConfigurationList;
			buildConfigurations = (
				2657089B1E1DF5B20059DFE3 /* Debug */,
				2657089C1E1DF5B20059DFE3 /* Release */,
			);
			defaultConfigurationIsVisible = 0;
		};
/* End XCConfigurationList section */
	};
	rootObject = 2657087B1E1DF5B10059DFE3 /* Project object */;
}
